
Microsoft Visual Studio Solution File, Format Version 12.00
# Visual Studio Version 17
VisualStudioVersion = 17.13.35931.197 d17.13
MinimumVisualStudioVersion = 10.0.40219.1
Project("{FAE04EC0-301F-11D3-BF4B-00C04F79EFBC}") = "MauiAppHotel", "MauiAppHotel\MauiAppHotel.csproj", "{A6884AA9-A12E-4B23-86D9-40AA8594C093}"
EndProject
Global
	GlobalSection(SolutionConfigurationPlatforms) = preSolution
		Debug|Any CPU = Debug|Any CPU
		Release|Any CPU = Release|Any CPU
	EndGlobalSection
	GlobalSection(ProjectConfigurationPlatforms) = postSolution
		{A6884AA9-A12E-4B23-86D9-40AA8594C093}.Debug|Any CPU.ActiveCfg = Debug|Any CPU
		{A6884AA9-A12E-4B23-86D9-40AA8594C093}.Debug|Any CPU.Build.0 = Debug|Any CPU
		{A6884AA9-A12E-4B23-86D9-40AA8594C093}.Debug|Any CPU.Deploy.0 = Debug|Any CPU
		{A6884AA9-A12E-4B23-86D9-40AA8594C093}.Release|Any CPU.ActiveCfg = Release|Any CPU
		{A6884AA9-A12E-4B23-86D9-40AA8594C093}.Release|Any CPU.Build.0 = Release|Any CPU
		{A6884AA9-A12E-4B23-86D9-40AA8594C093}.Release|Any CPU.Deploy.0 = Release|Any CPU
	EndGlobalSection
	GlobalSection(SolutionProperties) = preSolution
		HideSolutionNode = FALSE
	EndGlobalSection
	GlobalSection(ExtensibilityGlobals) = postSolution
		SolutionGuid = {2E252E7C-B3CA-4B74-83ED-CC25005CFF0B}
	EndGlobalSection
EndGlobal
